
Microsoft Visual Studio Solution File, Format Version 12.00
# Visual Studio 15
VisualStudioVersion = 15.0.28010.2016
MinimumVisualStudioVersion = 10.0.40219.1
Project("{FAE04EC0-301F-11D3-BF4B-00C04F79EFBC}") = "ITBuNan.Site", "ITBuNan\ITBuNan.Site.csproj", "{0639BB4F-A23F-47A5-B352-DD2255026DF3}"
EndProject
Project("{FAE04EC0-301F-11D3-BF4B-00C04F79EFBC}") = "ITBuNan.DAL", "ITBuNan.DAL\ITBuNan.DAL.csproj", "{4E40F40E-9EC0-4350-A273-EE62817FF498}"
EndProject
Project("{FAE04EC0-301F-11D3-BF4B-00C04F79EFBC}") = "ITBuNan.BLL", "ITBuNan.BLL\ITBuNan.BLL.csproj", "{B4760732-6F8E-485D-8669-6DE386215799}"
EndProject
Project("{FAE04EC0-301F-11D3-BF4B-00C04F79EFBC}") = "ITBuNan.Model", "ITBuNan.Model\ITBuNan.Model.csproj", "{8AD6E908-D57F-4941-B871-793FFA13737E}"
EndProject
Project("{2150E333-8FDC-42A3-9474-1A3956D46DE8}") = "02数据访问", "02数据访问", "{514E216F-C716-4EDD-9EA7-5F9E69F58007}"
EndProject
Project("{2150E333-8FDC-42A3-9474-1A3956D46DE8}") = "03业务逻辑", "03业务逻辑", "{76F34A9E-9118-42D9-A608-DD01C6D6F2FA}"
EndProject
Project("{2150E333-8FDC-42A3-9474-1A3956D46DE8}") = "01数据实体", "01数据实体", "{DD112064-03BC-4970-A064-DAAC41A9DD7B}"
EndProject
Project("{FAE04EC0-301F-11D3-BF4B-00C04F79EFBC}") = "ITBuNan.IDAL", "ITBuNan.IDAL\ITBuNan.IDAL.csproj", "{95479DF6-73FA-46E4-A6AA-5B3111EF7F94}"
EndProject
Project("{FAE04EC0-301F-11D3-BF4B-00C04F79EFBC}") = "ITBuNan.IBLL", "ITBuNan.IBLL\ITBuNan.IBLL.csproj", "{F11CDE32-F35C-4D22-9978-9BC9A8C4DFFF}"
EndProject
Project("{2150E333-8FDC-42A3-9474-1A3956D46DE8}") = "04公共类库", "04公共类库", "{ADA77F18-FED3-4664-A6D0-6F9788E83474}"
EndProject
Project("{FAE04EC0-301F-11D3-BF4B-00C04F79EFBC}") = "ITBuNan.Common", "ITBuNan.Common\ITBuNan.Common.csproj", "{371BFE70-6719-4D56-8256-7A4DA8EF4726}"
EndProject
Project("{FAE04EC0-301F-11D3-BF4B-00C04F79EFBC}") = "ITBuNan.EntityMap", "ITBuNan.EntityMap\ITBuNan.EntityMap.csproj", "{68E307B5-3927-4374-8236-25FD6FA30DC3}"
EndProject
Project("{FAE04EC0-301F-11D3-BF4B-00C04F79EFBC}") = "ITBuNan.DALContainer", "ITBuNan.DALContainer\ITBuNan.DALContainer.csproj", "{63B263AA-3D52-4180-A081-039EB4E29456}"
EndProject
Project("{FAE04EC0-301F-11D3-BF4B-00C04F79EFBC}") = "ITBuNan.BLLContainer", "ITBuNan.BLLContainer\ITBuNan.BLLContainer.csproj", "{75308775-36B2-4A53-B10C-B015D2C3BF39}"
EndProject
Global
	GlobalSection(SolutionConfigurationPlatforms) = preSolution
		Debug|Any CPU = Debug|Any CPU
		Release|Any CPU = Release|Any CPU
	EndGlobalSection
	GlobalSection(ProjectConfigurationPlatforms) = postSolution
		{0639BB4F-A23F-47A5-B352-DD2255026DF3}.Debug|Any CPU.ActiveCfg = Debug|Any CPU
		{0639BB4F-A23F-47A5-B352-DD2255026DF3}.Debug|Any CPU.Build.0 = Debug|Any CPU
		{0639BB4F-A23F-47A5-B352-DD2255026DF3}.Release|Any CPU.ActiveCfg = Release|Any CPU
		{0639BB4F-A23F-47A5-B352-DD2255026DF3}.Release|Any CPU.Build.0 = Release|Any CPU
		{4E40F40E-9EC0-4350-A273-EE62817FF498}.Debug|Any CPU.ActiveCfg = Debug|Any CPU
		{4E40F40E-9EC0-4350-A273-EE62817FF498}.Debug|Any CPU.Build.0 = Debug|Any CPU
		{4E40F40E-9EC0-4350-A273-EE62817FF498}.Release|Any CPU.ActiveCfg = Release|Any CPU
		{4E40F40E-9EC0-4350-A273-EE62817FF498}.Release|Any CPU.Build.0 = Release|Any CPU
		{B4760732-6F8E-485D-8669-6DE386215799}.Debug|Any CPU.ActiveCfg = Debug|Any CPU
		{B4760732-6F8E-485D-8669-6DE386215799}.Debug|Any CPU.Build.0 = Debug|Any CPU
		{B4760732-6F8E-485D-8669-6DE386215799}.Release|Any CPU.ActiveCfg = Release|Any CPU
		{B4760732-6F8E-485D-8669-6DE386215799}.Release|Any CPU.Build.0 = Release|Any CPU
		{8AD6E908-D57F-4941-B871-793FFA13737E}.Debug|Any CPU.ActiveCfg = Debug|Any CPU
		{8AD6E908-D57F-4941-B871-793FFA13737E}.Debug|Any CPU.Build.0 = Debug|Any CPU
		{8AD6E908-D57F-4941-B871-793FFA13737E}.Release|Any CPU.ActiveCfg = Release|Any CPU
		{8AD6E908-D57F-4941-B871-793FFA13737E}.Release|Any CPU.Build.0 = Release|Any CPU
		{95479DF6-73FA-46E4-A6AA-5B3111EF7F94}.Debug|Any CPU.ActiveCfg = Debug|Any CPU
		{95479DF6-73FA-46E4-A6AA-5B3111EF7F94}.Debug|Any CPU.Build.0 = Debug|Any CPU
		{95479DF6-73FA-46E4-A6AA-5B3111EF7F94}.Release|Any CPU.ActiveCfg = Release|Any CPU
		{95479DF6-73FA-46E4-A6AA-5B3111EF7F94}.Release|Any CPU.Build.0 = Release|Any CPU
		{F11CDE32-F35C-4D22-9978-9BC9A8C4DFFF}.Debug|Any CPU.ActiveCfg = Debug|Any CPU
		{F11CDE32-F35C-4D22-9978-9BC9A8C4DFFF}.Debug|Any CPU.Build.0 = Debug|Any CPU
		{F11CDE32-F35C-4D22-9978-9BC9A8C4DFFF}.Release|Any CPU.ActiveCfg = Release|Any CPU
		{F11CDE32-F35C-4D22-9978-9BC9A8C4DFFF}.Release|Any CPU.Build.0 = Release|Any CPU
		{371BFE70-6719-4D56-8256-7A4DA8EF4726}.Debug|Any CPU.ActiveCfg = Debug|Any CPU
		{371BFE70-6719-4D56-8256-7A4DA8EF4726}.Debug|Any CPU.Build.0 = Debug|Any CPU
		{371BFE70-6719-4D56-8256-7A4DA8EF4726}.Release|Any CPU.ActiveCfg = Release|Any CPU
		{371BFE70-6719-4D56-8256-7A4DA8EF4726}.Release|Any CPU.Build.0 = Release|Any CPU
		{68E307B5-3927-4374-8236-25FD6FA30DC3}.Debug|Any CPU.ActiveCfg = Debug|Any CPU
		{68E307B5-3927-4374-8236-25FD6FA30DC3}.Debug|Any CPU.Build.0 = Debug|Any CPU
		{68E307B5-3927-4374-8236-25FD6FA30DC3}.Release|Any CPU.ActiveCfg = Release|Any CPU
		{68E307B5-3927-4374-8236-25FD6FA30DC3}.Release|Any CPU.Build.0 = Release|Any CPU
		{63B263AA-3D52-4180-A081-039EB4E29456}.Debug|Any CPU.ActiveCfg = Debug|Any CPU
		{63B263AA-3D52-4180-A081-039EB4E29456}.Debug|Any CPU.Build.0 = Debug|Any CPU
		{63B263AA-3D52-4180-A081-039EB4E29456}.Release|Any CPU.ActiveCfg = Release|Any CPU
		{63B263AA-3D52-4180-A081-039EB4E29456}.Release|Any CPU.Build.0 = Release|Any CPU
		{75308775-36B2-4A53-B10C-B015D2C3BF39}.Debug|Any CPU.ActiveCfg = Debug|Any CPU
		{75308775-36B2-4A53-B10C-B015D2C3BF39}.Debug|Any CPU.Build.0 = Debug|Any CPU
		{75308775-36B2-4A53-B10C-B015D2C3BF39}.Release|Any CPU.ActiveCfg = Release|Any CPU
		{75308775-36B2-4A53-B10C-B015D2C3BF39}.Release|Any CPU.Build.0 = Release|Any CPU
	EndGlobalSection
	GlobalSection(SolutionProperties) = preSolution
		HideSolutionNode = FALSE
	EndGlobalSection
	GlobalSection(NestedProjects) = preSolution
		{4E40F40E-9EC0-4350-A273-EE62817FF498} = {514E216F-C716-4EDD-9EA7-5F9E69F58007}
		{B4760732-6F8E-485D-8669-6DE386215799} = {76F34A9E-9118-42D9-A608-DD01C6D6F2FA}
		{8AD6E908-D57F-4941-B871-793FFA13737E} = {DD112064-03BC-4970-A064-DAAC41A9DD7B}
		{95479DF6-73FA-46E4-A6AA-5B3111EF7F94} = {514E216F-C716-4EDD-9EA7-5F9E69F58007}
		{F11CDE32-F35C-4D22-9978-9BC9A8C4DFFF} = {76F34A9E-9118-42D9-A608-DD01C6D6F2FA}
		{371BFE70-6719-4D56-8256-7A4DA8EF4726} = {ADA77F18-FED3-4664-A6D0-6F9788E83474}
		{68E307B5-3927-4374-8236-25FD6FA30DC3} = {ADA77F18-FED3-4664-A6D0-6F9788E83474}
		{63B263AA-3D52-4180-A081-039EB4E29456} = {514E216F-C716-4EDD-9EA7-5F9E69F58007}
		{75308775-36B2-4A53-B10C-B015D2C3BF39} = {76F34A9E-9118-42D9-A608-DD01C6D6F2FA}
	EndGlobalSection
	GlobalSection(ExtensibilityGlobals) = postSolution
		SolutionGuid = {D699962D-413A-4527-B7D6-3EFBC56EFD9D}
	EndGlobalSection
EndGlobal
